# This file was autogenerated by Stack.
# You should not edit this file by hand.
# For more information, please see the documentation at:
#   https://docs.haskellstack.org/en/stable/topics/lock_files

packages: []
snapshots:
- completed:
    sha256: f642400c7097d84dd15c30401c05a21317d914077ecc700dc834644e555e9f62
    size: 653396
    url: https://raw.githubusercontent.com/commercialhaskell/stackage-snapshots/master/nightly/2025/2/12.yaml
  original: nightly-2025-02-12
